
Microsoft Visual Studio Solution File, Format Version 12.00
# Visual Studio Version 17
VisualStudioVersion = 17.5.33530.505
MinimumVisualStudioVersion = 10.0.40219.1
Project("{9A19103F-16F7-4668-BE54-9A1E7A4F7556}") = "CollectionRealisation", "CollectionRealisation\CollectionRealisation.csproj", "{4BD8836C-B05C-4FFF-9C4F-3EC135CECF63}"
EndProject
Project("{9A19103F-16F7-4668-BE54-9A1E7A4F7556}") = "CollectionRealisation.ConsoleDemo", "CollectionRealisation.ConsoleDemo\CollectionRealisation.ConsoleDemo.csproj", "{2C47A1B7-0CF5-44D5-B80F-A0216DDDABB3}"
EndProject
Project("{FAE04EC0-301F-11D3-BF4B-00C04F79EFBC}") = "CollectionRealisation.Tests", "CollectionRealisation.Tests\CollectionRealisation.Tests.csproj", "{6726513E-4E7B-4D6C-AE03-ECD744870741}"
EndProject
Global
	GlobalSection(SolutionConfigurationPlatforms) = preSolution
		Debug|Any CPU = Debug|Any CPU
		Release|Any CPU = Release|Any CPU
	EndGlobalSection
	GlobalSection(ProjectConfigurationPlatforms) = postSolution
		{4BD8836C-B05C-4FFF-9C4F-3EC135CECF63}.Debug|Any CPU.ActiveCfg = Debug|Any CPU
		{4BD8836C-B05C-4FFF-9C4F-3EC135CECF63}.Debug|Any CPU.Build.0 = Debug|Any CPU
		{4BD8836C-B05C-4FFF-9C4F-3EC135CECF63}.Release|Any CPU.ActiveCfg = Release|Any CPU
		{4BD8836C-B05C-4FFF-9C4F-3EC135CECF63}.Release|Any CPU.Build.0 = Release|Any CPU
		{2C47A1B7-0CF5-44D5-B80F-A0216DDDABB3}.Debug|Any CPU.ActiveCfg = Debug|Any CPU
		{2C47A1B7-0CF5-44D5-B80F-A0216DDDABB3}.Debug|Any CPU.Build.0 = Debug|Any CPU
		{2C47A1B7-0CF5-44D5-B80F-A0216DDDABB3}.Release|Any CPU.ActiveCfg = Release|Any CPU
		{2C47A1B7-0CF5-44D5-B80F-A0216DDDABB3}.Release|Any CPU.Build.0 = Release|Any CPU
		{6726513E-4E7B-4D6C-AE03-ECD744870741}.Debug|Any CPU.ActiveCfg = Debug|Any CPU
		{6726513E-4E7B-4D6C-AE03-ECD744870741}.Debug|Any CPU.Build.0 = Debug|Any CPU
		{6726513E-4E7B-4D6C-AE03-ECD744870741}.Release|Any CPU.ActiveCfg = Release|Any CPU
		{6726513E-4E7B-4D6C-AE03-ECD744870741}.Release|Any CPU.Build.0 = Release|Any CPU
	EndGlobalSection
	GlobalSection(SolutionProperties) = preSolution
		HideSolutionNode = FALSE
	EndGlobalSection
	GlobalSection(ExtensibilityGlobals) = postSolution
		SolutionGuid = {6C0A5DB8-487D-446E-866A-99351EA7F874}
	EndGlobalSection
EndGlobal
